
Microsoft Visual Studio Solution File, Format Version 12.00
# Visual Studio 2013
VisualStudioVersion = 12.0.21005.1
MinimumVisualStudioVersion = 10.0.40219.1
Project("{FAE04EC0-301F-11D3-BF4B-00C04F79EFBC}") = "MVCDemo", "MVCDemo\MVCDemo.csproj", "{5E577791-57D6-45A7-BC27-E4AE852337D4}"
EndProject
Project("{FAE04EC0-301F-11D3-BF4B-00C04F79EFBC}") = "MVCDemo.Tests", "MVCDemo.Tests\MVCDemo.Tests.csproj", "{00475FC5-7153-43E0-AE5C-A2474F690F11}"
EndProject
Global
	GlobalSection(SolutionConfigurationPlatforms) = preSolution
		Debug|Any CPU = Debug|Any CPU
		Release|Any CPU = Release|Any CPU
	EndGlobalSection
	GlobalSection(ProjectConfigurationPlatforms) = postSolution
		{5E577791-57D6-45A7-BC27-E4AE852337D4}.Debug|Any CPU.ActiveCfg = Debug|Any CPU
		{5E577791-57D6-45A7-BC27-E4AE852337D4}.Debug|Any CPU.Build.0 = Debug|Any CPU
		{5E577791-57D6-45A7-BC27-E4AE852337D4}.Release|Any CPU.ActiveCfg = Release|Any CPU
		{5E577791-57D6-45A7-BC27-E4AE852337D4}.Release|Any CPU.Build.0 = Release|Any CPU
		{00475FC5-7153-43E0-AE5C-A2474F690F11}.Debug|Any CPU.ActiveCfg = Debug|Any CPU
		{00475FC5-7153-43E0-AE5C-A2474F690F11}.Debug|Any CPU.Build.0 = Debug|Any CPU
		{00475FC5-7153-43E0-AE5C-A2474F690F11}.Release|Any CPU.ActiveCfg = Release|Any CPU
		{00475FC5-7153-43E0-AE5C-A2474F690F11}.Release|Any CPU.Build.0 = Release|Any CPU
	EndGlobalSection
	GlobalSection(SolutionProperties) = preSolution
		HideSolutionNode = FALSE
	EndGlobalSection
EndGlobal
